
Microsoft Visual Studio Solution File, Format Version 12.00
# Visual Studio Version 17
VisualStudioVersion = 17.13.35818.85
MinimumVisualStudioVersion = 10.0.40219.1
Project("{FAE04EC0-301F-11D3-BF4B-00C04F79EFBC}") = "WorkshopParticipationAPI", "AtasAPI\WorkshopParticipationAPI.csproj", "{142FA9EB-6775-46B0-90B6-3F8DF5582AF5}"
EndProject
Global
	GlobalSection(SolutionConfigurationPlatforms) = preSolution
		Debug|Any CPU = Debug|Any CPU
		Release|Any CPU = Release|Any CPU
	EndGlobalSection
	GlobalSection(ProjectConfigurationPlatforms) = postSolution
		{142FA9EB-6775-46B0-90B6-3F8DF5582AF5}.Debug|Any CPU.ActiveCfg = Debug|Any CPU
		{142FA9EB-6775-46B0-90B6-3F8DF5582AF5}.Debug|Any CPU.Build.0 = Debug|Any CPU
		{142FA9EB-6775-46B0-90B6-3F8DF5582AF5}.Release|Any CPU.ActiveCfg = Release|Any CPU
		{142FA9EB-6775-46B0-90B6-3F8DF5582AF5}.Release|Any CPU.Build.0 = Release|Any CPU
	EndGlobalSection
	GlobalSection(SolutionProperties) = preSolution
		HideSolutionNode = FALSE
	EndGlobalSection
	GlobalSection(ExtensibilityGlobals) = postSolution
		SolutionGuid = {DF46FF45-B78B-40A7-AD2D-B1F3F05AE461}
	EndGlobalSection
EndGlobal
